# @generated - this file is auto-generated by `mise lock` https://mise.jdx.dev/dev-tools/mise-lock.html

[[tools."cargo:cargo-zigbuild"]]
version = "0.23.0"
backend = "cargo:cargo-zigbuild"

[[tools.git-cliff]]
version = "2.13.1"
backend = "aqua:orhun/git-cliff"

[tools.git-cliff."platforms.linux-arm64"]
checksum = "sha256:4054c124b926c117f3fa048939bc8be0a954f29f3b6f367627e8cb22c1971882"
url = "https://github.com/orhun/git-cliff/releases/download/v2.13.1/git-cliff-2.13.1-aarch64-unknown-linux-musl.tar.gz"
url_api = "https://api.github.com/repos/orhun/git-cliff/releases/assets/405850720"

[tools.git-cliff."platforms.linux-arm64-musl"]
checksum = "sha256:4054c124b926c117f3fa048939bc8be0a954f29f3b6f367627e8cb22c1971882"
url = "https://github.com/orhun/git-cliff/releases/download/v2.13.1/git-cliff-2.13.1-aarch64-unknown-linux-musl.tar.gz"
url_api = "https://api.github.com/repos/orhun/git-cliff/releases/assets/405850720"

[tools.git-cliff."platforms.linux-x64"]
checksum = "sha256:200d2535da6d9703f3bcc8a4d159c3b55eacdb01cf2148c55b3eee9dd04d5249"
url = "https://github.com/orhun/git-cliff/releases/download/v2.13.1/git-cliff-2.13.1-x86_64-unknown-linux-musl.tar.gz"
url_api = "https://api.github.com/repos/orhun/git-cliff/releases/assets/405850671"

[tools.git-cliff."platforms.linux-x64-musl"]
checksum = "sha256:200d2535da6d9703f3bcc8a4d159c3b55eacdb01cf2148c55b3eee9dd04d5249"
url = "https://github.com/orhun/git-cliff/releases/download/v2.13.1/git-cliff-2.13.1-x86_64-unknown-linux-musl.tar.gz"
url_api = "https://api.github.com/repos/orhun/git-cliff/releases/assets/405850671"

[tools.git-cliff."platforms.macos-arm64"]
checksum = "sha256:21547ae4a0421164070ab75c2522864ea5565858a011fabc5f583061b20f1226"
url = "https://github.com/orhun/git-cliff/releases/download/v2.13.1/git-cliff-2.13.1-aarch64-apple-darwin.tar.gz"
url_api = "https://api.github.com/repos/orhun/git-cliff/releases/assets/405849885"

[tools.git-cliff."platforms.macos-x64"]
checksum = "sha256:6e60ae390d375cecb9d8008c49f0e724a8dfe40390b532ef5501e421d2cc8acb"
url = "https://github.com/orhun/git-cliff/releases/download/v2.13.1/git-cliff-2.13.1-x86_64-apple-darwin.tar.gz"
url_api = "https://api.github.com/repos/orhun/git-cliff/releases/assets/405850193"

[tools.git-cliff."platforms.windows-x64"]
checksum = "sha256:3ae3a5549e85c7ad5b20192ebcfee4371269deca51255f6f2f2e051c6541f5ca"
url = "https://github.com/orhun/git-cliff/releases/download/v2.13.1/git-cliff-2.13.1-x86_64-pc-windows-msvc.zip"
url_api = "https://api.github.com/repos/orhun/git-cliff/releases/assets/405851866"

[[tools.lefthook]]
version = "2.1.11"
backend = "aqua:evilmartians/lefthook"

[tools.lefthook."platforms.linux-arm64"]
checksum = "sha256:94568fb0f7bc62eb7d7b110534f7bb01c5153551a3f364269e742fcfaa0b1c07"
url = "https://github.com/evilmartians/lefthook/releases/download/v2.1.11/lefthook_2.1.11_Linux_aarch64.gz"
url_api = "https://api.github.com/repos/evilmartians/lefthook/releases/assets/523446803"
provenance = "github-attestations"

[tools.lefthook."platforms.linux-arm64-musl"]
checksum = "sha256:94568fb0f7bc62eb7d7b110534f7bb01c5153551a3f364269e742fcfaa0b1c07"
url = "https://github.com/evilmartians/lefthook/releases/download/v2.1.11/lefthook_2.1.11_Linux_aarch64.gz"
url_api = "https://api.github.com/repos/evilmartians/lefthook/releases/assets/523446803"
provenance = "github-attestations"

[tools.lefthook."platforms.linux-x64"]
checksum = "sha256:435aff51fc767a7f135717a4e3e4f3282c15e0a4ca4e2dfd1b54ef8241ee5f3f"
url = "https://github.com/evilmartians/lefthook/releases/download/v2.1.11/lefthook_2.1.11_Linux_x86_64.gz"
url_api = "https://api.github.com/repos/evilmartians/lefthook/releases/assets/523446768"
provenance = "github-attestations"

[tools.lefthook."platforms.linux-x64-musl"]
checksum = "sha256:435aff51fc767a7f135717a4e3e4f3282c15e0a4ca4e2dfd1b54ef8241ee5f3f"
url = "https://github.com/evilmartians/lefthook/releases/download/v2.1.11/lefthook_2.1.11_Linux_x86_64.gz"
url_api = "https://api.github.com/repos/evilmartians/lefthook/releases/assets/523446768"
provenance = "github-attestations"

[tools.lefthook."platforms.macos-arm64"]
checksum = "sha256:2d2b312730f3d900354f5f0eb37abf31ff65a033021be761f25a2eb709c9cdbc"
url = "https://github.com/evilmartians/lefthook/releases/download/v2.1.11/lefthook_2.1.11_MacOS_arm64.gz"
url_api = "https://api.github.com/repos/evilmartians/lefthook/releases/assets/523446757"
provenance = "github-attestations"

[tools.lefthook."platforms.macos-x64"]
checksum = "sha256:b9ab6e5de57b1fdd1ffe77a9d57fbec34539b50481fa5c38f91f19fe5175dcc5"
url = "https://github.com/evilmartians/lefthook/releases/download/v2.1.11/lefthook_2.1.11_MacOS_x86_64.gz"
url_api = "https://api.github.com/repos/evilmartians/lefthook/releases/assets/523446802"
provenance = "github-attestations"

[tools.lefthook."platforms.windows-x64"]
checksum = "sha256:df7fb73aca464e455f66ab231965cfb15aaea4ccd45be4af4f7df908fc4077d2"
url = "https://github.com/evilmartians/lefthook/releases/download/v2.1.11/lefthook_2.1.11_Windows_x86_64.gz"
url_api = "https://api.github.com/repos/evilmartians/lefthook/releases/assets/523446762"
provenance = "github-attestations"

[[tools.nfpm]]
version = "2.47.0"
backend = "aqua:goreleaser/nfpm"

[tools.nfpm."platforms.linux-arm64"]
checksum = "sha256:1c0f5f2999b9a974bfb04fdb0cc3306096de530ac5dbb25d739cc5f5219c919c"
url = "https://github.com/goreleaser/nfpm/releases/download/v2.47.0/nfpm_2.47.0_Linux_arm64.tar.gz"
url_api = "https://api.github.com/repos/goreleaser/nfpm/releases/assets/453316744"
provenance = "cosign"

[tools.nfpm."platforms.linux-arm64-musl"]
checksum = "sha256:1c0f5f2999b9a974bfb04fdb0cc3306096de530ac5dbb25d739cc5f5219c919c"
url = "https://github.com/goreleaser/nfpm/releases/download/v2.47.0/nfpm_2.47.0_Linux_arm64.tar.gz"
url_api = "https://api.github.com/repos/goreleaser/nfpm/releases/assets/453316744"
provenance = "cosign"

[tools.nfpm."platforms.linux-x64"]
checksum = "sha256:0660ca602b2d2d2ae4781a06c692b3eeb9d437ffea05b831d76e41f4a3188783"
url = "https://github.com/goreleaser/nfpm/releases/download/v2.47.0/nfpm_2.47.0_Linux_x86_64.tar.gz"
url_api = "https://api.github.com/repos/goreleaser/nfpm/releases/assets/453316748"
provenance = "cosign"

[tools.nfpm."platforms.linux-x64-musl"]
checksum = "sha256:0660ca602b2d2d2ae4781a06c692b3eeb9d437ffea05b831d76e41f4a3188783"
url = "https://github.com/goreleaser/nfpm/releases/download/v2.47.0/nfpm_2.47.0_Linux_x86_64.tar.gz"
url_api = "https://api.github.com/repos/goreleaser/nfpm/releases/assets/453316748"
provenance = "cosign"

[tools.nfpm."platforms.macos-arm64"]
checksum = "sha256:e8c9d1d9ac218eeed479375143dc46b8d51a2b8dbba8e2f9f15ecc8faa2e404b"
url = "https://github.com/goreleaser/nfpm/releases/download/v2.47.0/nfpm_2.47.0_Darwin_arm64.tar.gz"
url_api = "https://api.github.com/repos/goreleaser/nfpm/releases/assets/453316746"
provenance = "cosign"

[tools.nfpm."platforms.macos-x64"]
checksum = "sha256:2b04108f8757313dde92ed729560845aadfb7782887eb6988a5dd96f9c146861"
url = "https://github.com/goreleaser/nfpm/releases/download/v2.47.0/nfpm_2.47.0_Darwin_x86_64.tar.gz"
url_api = "https://api.github.com/repos/goreleaser/nfpm/releases/assets/453316747"
provenance = "cosign"

[tools.nfpm."platforms.windows-x64"]
checksum = "sha256:788f88a3bba0d89baa639aba54ba28b384958878700d440ce199a7ff4a567f11"
url = "https://github.com/goreleaser/nfpm/releases/download/v2.47.0/nfpm_2.47.0_Windows_x86_64.zip"
url_api = "https://api.github.com/repos/goreleaser/nfpm/releases/assets/453316741"
provenance = "cosign"

[[tools.tombi]]
version = "1.4.0"
backend = "aqua:tombi-toml/tombi"

[tools.tombi."platforms.linux-arm64"]
checksum = "sha256:b70750d462954294c354a014bb90399273876b953c21e3a136aafd3d1d41f5e8"
url = "https://github.com/tombi-toml/tombi/releases/download/v1.4.0/tombi-cli-1.4.0-aarch64-unknown-linux-musl.tar.gz"
url_api = "https://api.github.com/repos/tombi-toml/tombi/releases/assets/513163060"
provenance = "github-attestations"

[tools.tombi."platforms.linux-arm64-musl"]
checksum = "sha256:b70750d462954294c354a014bb90399273876b953c21e3a136aafd3d1d41f5e8"
url = "https://github.com/tombi-toml/tombi/releases/download/v1.4.0/tombi-cli-1.4.0-aarch64-unknown-linux-musl.tar.gz"
url_api = "https://api.github.com/repos/tombi-toml/tombi/releases/assets/513163060"
provenance = "github-attestations"

[tools.tombi."platforms.linux-x64"]
checksum = "sha256:e2dc1190e0590b1fd0581fa8f85017215ed9b05a4d85c1cf18e0979b6cf24fe1"
url = "https://github.com/tombi-toml/tombi/releases/download/v1.4.0/tombi-cli-1.4.0-x86_64-unknown-linux-musl.tar.gz"
url_api = "https://api.github.com/repos/tombi-toml/tombi/releases/assets/513163088"
provenance = "github-attestations"

[tools.tombi."platforms.linux-x64-musl"]
checksum = "sha256:e2dc1190e0590b1fd0581fa8f85017215ed9b05a4d85c1cf18e0979b6cf24fe1"
url = "https://github.com/tombi-toml/tombi/releases/download/v1.4.0/tombi-cli-1.4.0-x86_64-unknown-linux-musl.tar.gz"
url_api = "https://api.github.com/repos/tombi-toml/tombi/releases/assets/513163088"
provenance = "github-attestations"

[tools.tombi."platforms.macos-arm64"]
checksum = "sha256:248159d26488f11fe8c36b9239b1ab84abe3533f4a5d8d066e56c091a99ffde1"
url = "https://github.com/tombi-toml/tombi/releases/download/v1.4.0/tombi-cli-1.4.0-aarch64-apple-darwin.tar.gz"
url_api = "https://api.github.com/repos/tombi-toml/tombi/releases/assets/513163062"
provenance = "github-attestations"

[tools.tombi."platforms.macos-x64"]
checksum = "sha256:7016e0028bf0ff122faeb49b0bb248c9d73885ce73b8ada26be6248e207977bc"
url = "https://github.com/tombi-toml/tombi/releases/download/v1.4.0/tombi-cli-1.4.0-x86_64-apple-darwin.tar.gz"
url_api = "https://api.github.com/repos/tombi-toml/tombi/releases/assets/513163065"
provenance = "github-attestations"

[tools.tombi."platforms.windows-x64"]
checksum = "sha256:376f26ef04c32b7de57352fb1572d550d2f728958f00bfa585cec94a1df677ab"
url = "https://github.com/tombi-toml/tombi/releases/download/v1.4.0/tombi-cli-1.4.0-x86_64-pc-windows-msvc.zip"
url_api = "https://api.github.com/repos/tombi-toml/tombi/releases/assets/513163086"
provenance = "github-attestations"

[[tools.zig]]
version = "0.16.0"
backend = "core:zig"

[tools.zig."platforms.linux-arm64"]
checksum = "sha256:ea4b09bfb22ec6f6c6ceac57ab63efb6b46e17ab08d21f69f3a48b38e1534f17"
url = "https://ziglang.org/download/0.16.0/zig-aarch64-linux-0.16.0.tar.xz"

[tools.zig."platforms.linux-arm64-musl"]
checksum = "sha256:ea4b09bfb22ec6f6c6ceac57ab63efb6b46e17ab08d21f69f3a48b38e1534f17"
url = "https://ziglang.org/download/0.16.0/zig-aarch64-linux-0.16.0.tar.xz"

[tools.zig."platforms.linux-x64"]
checksum = "sha256:70e49664a74374b48b51e6f3fdfbf437f6395d42509050588bd49abe52ba3d00"
url = "https://ziglang.org/download/0.16.0/zig-x86_64-linux-0.16.0.tar.xz"

[tools.zig."platforms.linux-x64-musl"]
checksum = "sha256:70e49664a74374b48b51e6f3fdfbf437f6395d42509050588bd49abe52ba3d00"
url = "https://ziglang.org/download/0.16.0/zig-x86_64-linux-0.16.0.tar.xz"

[tools.zig."platforms.macos-arm64"]
checksum = "sha256:b23d70deaa879b5c2d486ed3316f7eaa53e84acf6fc9cc747de152450d401489"
url = "https://ziglang.org/download/0.16.0/zig-aarch64-macos-0.16.0.tar.xz"

[tools.zig."platforms.macos-x64"]
checksum = "sha256:0387557ed1877bc6a2e1802c8391953baddba76081876301c522f52977b52ba7"
url = "https://ziglang.org/download/0.16.0/zig-x86_64-macos-0.16.0.tar.xz"

[tools.zig."platforms.windows-x64"]
checksum = "sha256:68659eb5f1e4eb1437a722f1dd889c5a322c9954607f5edcf337bc3684a75a7e"
url = "https://ziglang.org/download/0.16.0/zig-x86_64-windows-0.16.0.zip"
