# @generated - this file is auto-generated by `mise lock` https://mise.jdx.dev/dev-tools/mise-lock.html

[[tools.git-cliff]]
version = "2.13.1"
backend = "aqua:orhun/git-cliff"

[tools.git-cliff."platforms.linux-arm64"]
checksum = "sha256:9619b7f0c584229f8a2331c1905afe88bd938bdc9102926c2073836a42f02455"
url = "https://github.com/orhun/git-cliff/releases/download/v2.13.1/git-cliff-2.13.1-aarch64-unknown-linux-gnu.tar.gz"
url_api = "https://api.github.com/repos/orhun/git-cliff/releases/assets/405850077"

[tools.git-cliff."platforms.linux-arm64-musl"]
checksum = "sha256:4054c124b926c117f3fa048939bc8be0a954f29f3b6f367627e8cb22c1971882"
url = "https://github.com/orhun/git-cliff/releases/download/v2.13.1/git-cliff-2.13.1-aarch64-unknown-linux-musl.tar.gz"
url_api = "https://api.github.com/repos/orhun/git-cliff/releases/assets/405850720"

[tools.git-cliff."platforms.linux-x64"]
checksum = "sha256:9a1263f24e59a2f508c7b3d3283c9dea94a8bf697f96dbc18cc783cac6284546"
url = "https://github.com/orhun/git-cliff/releases/download/v2.13.1/git-cliff-2.13.1-x86_64-unknown-linux-gnu.tar.gz"
url_api = "https://api.github.com/repos/orhun/git-cliff/releases/assets/405850439"

[tools.git-cliff."platforms.linux-x64-musl"]
checksum = "sha256:200d2535da6d9703f3bcc8a4d159c3b55eacdb01cf2148c55b3eee9dd04d5249"
url = "https://github.com/orhun/git-cliff/releases/download/v2.13.1/git-cliff-2.13.1-x86_64-unknown-linux-musl.tar.gz"
url_api = "https://api.github.com/repos/orhun/git-cliff/releases/assets/405850671"

[tools.git-cliff."platforms.macos-arm64"]
checksum = "sha256:21547ae4a0421164070ab75c2522864ea5565858a011fabc5f583061b20f1226"
url = "https://github.com/orhun/git-cliff/releases/download/v2.13.1/git-cliff-2.13.1-aarch64-apple-darwin.tar.gz"
url_api = "https://api.github.com/repos/orhun/git-cliff/releases/assets/405849885"

[tools.git-cliff."platforms.macos-x64"]
checksum = "sha256:6e60ae390d375cecb9d8008c49f0e724a8dfe40390b532ef5501e421d2cc8acb"
url = "https://github.com/orhun/git-cliff/releases/download/v2.13.1/git-cliff-2.13.1-x86_64-apple-darwin.tar.gz"
url_api = "https://api.github.com/repos/orhun/git-cliff/releases/assets/405850193"

[tools.git-cliff."platforms.windows-x64"]
checksum = "sha256:3ae3a5549e85c7ad5b20192ebcfee4371269deca51255f6f2f2e051c6541f5ca"
url = "https://github.com/orhun/git-cliff/releases/download/v2.13.1/git-cliff-2.13.1-x86_64-pc-windows-msvc.zip"
url_api = "https://api.github.com/repos/orhun/git-cliff/releases/assets/405851866"

[[tools.lefthook]]
version = "2.1.11"
backend = "aqua:evilmartians/lefthook"

[tools.lefthook."platforms.linux-arm64"]
checksum = "sha256:94568fb0f7bc62eb7d7b110534f7bb01c5153551a3f364269e742fcfaa0b1c07"
url = "https://github.com/evilmartians/lefthook/releases/download/v2.1.11/lefthook_2.1.11_Linux_aarch64.gz"
url_api = "https://api.github.com/repos/evilmartians/lefthook/releases/assets/523446803"
provenance = "github-attestations"

[tools.lefthook."platforms.linux-arm64-musl"]
checksum = "sha256:94568fb0f7bc62eb7d7b110534f7bb01c5153551a3f364269e742fcfaa0b1c07"
url = "https://github.com/evilmartians/lefthook/releases/download/v2.1.11/lefthook_2.1.11_Linux_aarch64.gz"
url_api = "https://api.github.com/repos/evilmartians/lefthook/releases/assets/523446803"
provenance = "github-attestations"

[tools.lefthook."platforms.linux-x64"]
checksum = "sha256:435aff51fc767a7f135717a4e3e4f3282c15e0a4ca4e2dfd1b54ef8241ee5f3f"
url = "https://github.com/evilmartians/lefthook/releases/download/v2.1.11/lefthook_2.1.11_Linux_x86_64.gz"
url_api = "https://api.github.com/repos/evilmartians/lefthook/releases/assets/523446768"
provenance = "github-attestations"

[tools.lefthook."platforms.linux-x64-musl"]
checksum = "sha256:435aff51fc767a7f135717a4e3e4f3282c15e0a4ca4e2dfd1b54ef8241ee5f3f"
url = "https://github.com/evilmartians/lefthook/releases/download/v2.1.11/lefthook_2.1.11_Linux_x86_64.gz"
url_api = "https://api.github.com/repos/evilmartians/lefthook/releases/assets/523446768"
provenance = "github-attestations"

[tools.lefthook."platforms.macos-arm64"]
checksum = "sha256:2d2b312730f3d900354f5f0eb37abf31ff65a033021be761f25a2eb709c9cdbc"
url = "https://github.com/evilmartians/lefthook/releases/download/v2.1.11/lefthook_2.1.11_MacOS_arm64.gz"
url_api = "https://api.github.com/repos/evilmartians/lefthook/releases/assets/523446757"
provenance = "github-attestations"

[tools.lefthook."platforms.macos-x64"]
checksum = "sha256:b9ab6e5de57b1fdd1ffe77a9d57fbec34539b50481fa5c38f91f19fe5175dcc5"
url = "https://github.com/evilmartians/lefthook/releases/download/v2.1.11/lefthook_2.1.11_MacOS_x86_64.gz"
url_api = "https://api.github.com/repos/evilmartians/lefthook/releases/assets/523446802"
provenance = "github-attestations"

[tools.lefthook."platforms.windows-x64"]
checksum = "sha256:df7fb73aca464e455f66ab231965cfb15aaea4ccd45be4af4f7df908fc4077d2"
url = "https://github.com/evilmartians/lefthook/releases/download/v2.1.11/lefthook_2.1.11_Windows_x86_64.gz"
url_api = "https://api.github.com/repos/evilmartians/lefthook/releases/assets/523446762"
provenance = "github-attestations"

[[tools.nfpm]]
version = "2.47.0"
backend = "aqua:goreleaser/nfpm"

[tools.nfpm."platforms.linux-arm64"]
checksum = "sha256:1c0f5f2999b9a974bfb04fdb0cc3306096de530ac5dbb25d739cc5f5219c919c"
url = "https://github.com/goreleaser/nfpm/releases/download/v2.47.0/nfpm_2.47.0_Linux_arm64.tar.gz"
url_api = "https://api.github.com/repos/goreleaser/nfpm/releases/assets/453316744"
provenance = "cosign"

[tools.nfpm."platforms.linux-arm64-musl"]
checksum = "sha256:1c0f5f2999b9a974bfb04fdb0cc3306096de530ac5dbb25d739cc5f5219c919c"
url = "https://github.com/goreleaser/nfpm/releases/download/v2.47.0/nfpm_2.47.0_Linux_arm64.tar.gz"
url_api = "https://api.github.com/repos/goreleaser/nfpm/releases/assets/453316744"
provenance = "cosign"

[tools.nfpm."platforms.linux-x64"]
checksum = "sha256:0660ca602b2d2d2ae4781a06c692b3eeb9d437ffea05b831d76e41f4a3188783"
url = "https://github.com/goreleaser/nfpm/releases/download/v2.47.0/nfpm_2.47.0_Linux_x86_64.tar.gz"
url_api = "https://api.github.com/repos/goreleaser/nfpm/releases/assets/453316748"
provenance = "cosign"

[tools.nfpm."platforms.linux-x64-musl"]
checksum = "sha256:0660ca602b2d2d2ae4781a06c692b3eeb9d437ffea05b831d76e41f4a3188783"
url = "https://github.com/goreleaser/nfpm/releases/download/v2.47.0/nfpm_2.47.0_Linux_x86_64.tar.gz"
url_api = "https://api.github.com/repos/goreleaser/nfpm/releases/assets/453316748"
provenance = "cosign"

[tools.nfpm."platforms.macos-arm64"]
checksum = "sha256:e8c9d1d9ac218eeed479375143dc46b8d51a2b8dbba8e2f9f15ecc8faa2e404b"
url = "https://github.com/goreleaser/nfpm/releases/download/v2.47.0/nfpm_2.47.0_Darwin_arm64.tar.gz"
url_api = "https://api.github.com/repos/goreleaser/nfpm/releases/assets/453316746"
provenance = "cosign"

[tools.nfpm."platforms.macos-x64"]
checksum = "sha256:2b04108f8757313dde92ed729560845aadfb7782887eb6988a5dd96f9c146861"
url = "https://github.com/goreleaser/nfpm/releases/download/v2.47.0/nfpm_2.47.0_Darwin_x86_64.tar.gz"
url_api = "https://api.github.com/repos/goreleaser/nfpm/releases/assets/453316747"
provenance = "cosign"

[tools.nfpm."platforms.windows-x64"]
checksum = "sha256:788f88a3bba0d89baa639aba54ba28b384958878700d440ce199a7ff4a567f11"
url = "https://github.com/goreleaser/nfpm/releases/download/v2.47.0/nfpm_2.47.0_Windows_x86_64.zip"
url_api = "https://api.github.com/repos/goreleaser/nfpm/releases/assets/453316741"
provenance = "cosign"

[[tools.pandoc]]
version = "3.10.2"
backend = "github:jgm/pandoc"

[tools.pandoc."platforms.linux-arm64"]
checksum = "sha256:1c4d69f2a092bd47cb180e58a4aab7b9637101ced928252458c7d41a7f7fa71d"
url = "https://github.com/jgm/pandoc/releases/download/3.10.2/pandoc-3.10.2-linux-arm64.tar.gz"
url_api = "https://api.github.com/repos/jgm/pandoc/releases/assets/511955435"
provenance = "github-attestations"

[tools.pandoc."platforms.linux-arm64-musl"]
checksum = "sha256:1c4d69f2a092bd47cb180e58a4aab7b9637101ced928252458c7d41a7f7fa71d"
url = "https://github.com/jgm/pandoc/releases/download/3.10.2/pandoc-3.10.2-linux-arm64.tar.gz"
url_api = "https://api.github.com/repos/jgm/pandoc/releases/assets/511955435"
provenance = "github-attestations"

[tools.pandoc."platforms.linux-x64"]
checksum = "sha256:c7edd535941c48be6a362081a748272837de81ae11777202d9c341d3d8261c9a"
url = "https://github.com/jgm/pandoc/releases/download/3.10.2/pandoc-3.10.2-linux-amd64.tar.gz"
url_api = "https://api.github.com/repos/jgm/pandoc/releases/assets/511955288"
provenance = "github-attestations"
provenance_verified = true

[tools.pandoc."platforms.linux-x64-musl"]
checksum = "sha256:c7edd535941c48be6a362081a748272837de81ae11777202d9c341d3d8261c9a"
url = "https://github.com/jgm/pandoc/releases/download/3.10.2/pandoc-3.10.2-linux-amd64.tar.gz"
url_api = "https://api.github.com/repos/jgm/pandoc/releases/assets/511955288"
provenance = "github-attestations"

[tools.pandoc."platforms.macos-arm64"]
checksum = "sha256:a30bd546062f0b29c25f45a71f951b7a1cf4f998d5b43974ea2c2416133f2e99"
url = "https://github.com/jgm/pandoc/releases/download/3.10.2/pandoc-3.10.2-arm64-macOS.zip"
url_api = "https://api.github.com/repos/jgm/pandoc/releases/assets/511955145"
provenance = "github-attestations"

[tools.pandoc."platforms.macos-x64"]
checksum = "sha256:437d378af72e9648f6fb42c170031218a3c2f31cf5089234cf2d0413f91481d0"
url = "https://github.com/jgm/pandoc/releases/download/3.10.2/pandoc-3.10.2-x86_64-macOS.zip"
url_api = "https://api.github.com/repos/jgm/pandoc/releases/assets/511954638"
provenance = "github-attestations"

[tools.pandoc."platforms.windows-x64"]
checksum = "sha256:52487faaa63f8cef5363d5a771097da001228d61c6f44f32ed41b27a98c0278c"
url = "https://github.com/jgm/pandoc/releases/download/3.10.2/pandoc-3.10.2-windows-x86_64.zip"
url_api = "https://api.github.com/repos/jgm/pandoc/releases/assets/511955642"
provenance = "github-attestations"

[[tools.tombi]]
version = "1.4.1"
backend = "aqua:tombi-toml/tombi"

[tools.tombi."platforms.linux-arm64"]
checksum = "sha256:21f51d092597053266e0ed051082743b5956b6de2f0db1cecce78e0eb29165e5"
url = "https://github.com/tombi-toml/tombi/releases/download/v1.4.1/tombi-cli-1.4.1-aarch64-unknown-linux-musl.tar.gz"
url_api = "https://api.github.com/repos/tombi-toml/tombi/releases/assets/525196347"
provenance = "github-attestations"

[tools.tombi."platforms.linux-arm64-musl"]
checksum = "sha256:21f51d092597053266e0ed051082743b5956b6de2f0db1cecce78e0eb29165e5"
url = "https://github.com/tombi-toml/tombi/releases/download/v1.4.1/tombi-cli-1.4.1-aarch64-unknown-linux-musl.tar.gz"
url_api = "https://api.github.com/repos/tombi-toml/tombi/releases/assets/525196347"
provenance = "github-attestations"

[tools.tombi."platforms.linux-x64"]
checksum = "sha256:9aa69eb3e75a4a22a961b8a1c8cc44e4f81328ce25ad5b10d151be1a09faa88d"
url = "https://github.com/tombi-toml/tombi/releases/download/v1.4.1/tombi-cli-1.4.1-x86_64-unknown-linux-musl.tar.gz"
url_api = "https://api.github.com/repos/tombi-toml/tombi/releases/assets/525196366"
provenance = "github-attestations"

[tools.tombi."platforms.linux-x64-musl"]
checksum = "sha256:9aa69eb3e75a4a22a961b8a1c8cc44e4f81328ce25ad5b10d151be1a09faa88d"
url = "https://github.com/tombi-toml/tombi/releases/download/v1.4.1/tombi-cli-1.4.1-x86_64-unknown-linux-musl.tar.gz"
url_api = "https://api.github.com/repos/tombi-toml/tombi/releases/assets/525196366"
provenance = "github-attestations"

[tools.tombi."platforms.macos-arm64"]
checksum = "sha256:0054ea75a98db2ccdef3b304bf97aeb2b1fed201df13b30b68a19672a275199c"
url = "https://github.com/tombi-toml/tombi/releases/download/v1.4.1/tombi-cli-1.4.1-aarch64-apple-darwin.tar.gz"
url_api = "https://api.github.com/repos/tombi-toml/tombi/releases/assets/525196343"
provenance = "github-attestations"

[tools.tombi."platforms.macos-x64"]
checksum = "sha256:4a14a0bf18ec0bbbeab3003f6c0dea3ffabb2cb38649ebfd6cafabc4d7eeffe0"
url = "https://github.com/tombi-toml/tombi/releases/download/v1.4.1/tombi-cli-1.4.1-x86_64-apple-darwin.tar.gz"
url_api = "https://api.github.com/repos/tombi-toml/tombi/releases/assets/525196344"
provenance = "github-attestations"

[tools.tombi."platforms.windows-x64"]
checksum = "sha256:a0b324b673f469f82337df9561951b8dea2cb5fb491e98345929d3f5a55bfe84"
url = "https://github.com/tombi-toml/tombi/releases/download/v1.4.1/tombi-cli-1.4.1-x86_64-pc-windows-msvc.zip"
url_api = "https://api.github.com/repos/tombi-toml/tombi/releases/assets/525196364"
provenance = "github-attestations"
